
Microsoft Visual Studio Solution File, Format Version 12.00
# Visual Studio Version 16
VisualStudioVersion = 16.0.30114.105
MinimumVisualStudioVersion = 10.0.40219.1
Project("{2150E333-8FDC-42A3-9474-1A3956D46DE8}") = "domain", "domain", "{6F5D463B-2191-4F85-9204-E58B8B1FE954}"
EndProject
Project("{FAE04EC0-301F-11D3-BF4B-00C04F79EFBC}") = "Store", "domain\Store\Store.csproj", "{A413B4DB-42A4-4D05-A11E-E0B220492AA1}"
EndProject
Global
	GlobalSection(SolutionConfigurationPlatforms) = preSolution
		Debug|Any CPU = Debug|Any CPU
		Release|Any CPU = Release|Any CPU
	EndGlobalSection
	GlobalSection(SolutionProperties) = preSolution
		HideSolutionNode = FALSE
	EndGlobalSection
	GlobalSection(ProjectConfigurationPlatforms) = postSolution
		{A413B4DB-42A4-4D05-A11E-E0B220492AA1}.Debug|Any CPU.ActiveCfg = Debug|Any CPU
		{A413B4DB-42A4-4D05-A11E-E0B220492AA1}.Debug|Any CPU.Build.0 = Debug|Any CPU
		{A413B4DB-42A4-4D05-A11E-E0B220492AA1}.Release|Any CPU.ActiveCfg = Release|Any CPU
		{A413B4DB-42A4-4D05-A11E-E0B220492AA1}.Release|Any CPU.Build.0 = Release|Any CPU
	EndGlobalSection
	GlobalSection(NestedProjects) = preSolution
		{A413B4DB-42A4-4D05-A11E-E0B220492AA1} = {6F5D463B-2191-4F85-9204-E58B8B1FE954}
	EndGlobalSection
EndGlobal
